
Microsoft Visual Studio Solution File, Format Version 12.00
# Visual Studio 14
VisualStudioVersion = 14.0.25420.1
MinimumVisualStudioVersion = 10.0.40219.1
Project("{FAE04EC0-301F-11D3-BF4B-00C04F79EFBC}") = "slnTestGit_V2", "slnTestGit_V2\slnTestGit_V2.csproj", "{D8640DE4-7220-4DA8-A2BB-8AAA563F5E0D}"
EndProject
Global
	GlobalSection(SolutionConfigurationPlatforms) = preSolution
		Debug|Any CPU = Debug|Any CPU
		Release|Any CPU = Release|Any CPU
	EndGlobalSection
	GlobalSection(ProjectConfigurationPlatforms) = postSolution
		{D8640DE4-7220-4DA8-A2BB-8AAA563F5E0D}.Debug|Any CPU.ActiveCfg = Debug|Any CPU
		{D8640DE4-7220-4DA8-A2BB-8AAA563F5E0D}.Debug|Any CPU.Build.0 = Debug|Any CPU
		{D8640DE4-7220-4DA8-A2BB-8AAA563F5E0D}.Release|Any CPU.ActiveCfg = Release|Any CPU
		{D8640DE4-7220-4DA8-A2BB-8AAA563F5E0D}.Release|Any CPU.Build.0 = Release|Any CPU
	EndGlobalSection
	GlobalSection(SolutionProperties) = preSolution
		HideSolutionNode = FALSE
	EndGlobalSection
EndGlobal
